
Microsoft Visual Studio Solution File, Format Version 12.00
# Visual Studio Version 16
VisualStudioVersion = 16.0.29215.179
MinimumVisualStudioVersion = 10.0.40219.1
Project("{9A19103F-16F7-4668-BE54-9A1E7A4F7556}") = "ConvertorBetweenBases", "ConvertorBetweenBases\ConvertorBetweenBases.csproj", "{77BE5D7C-D1C2-44F9-A033-D5BB8BCE65E9}"
EndProject
Project("{9A19103F-16F7-4668-BE54-9A1E7A4F7556}") = "ConvertorBetweenBasesTests", "ConvertorBetweenBasesTests\ConvertorBetweenBasesTests.csproj", "{29B06C2B-FD07-4750-B89C-9DB8026DE83D}"
EndProject
Global
	GlobalSection(SolutionConfigurationPlatforms) = preSolution
		Debug|Any CPU = Debug|Any CPU
		Release|Any CPU = Release|Any CPU
	EndGlobalSection
	GlobalSection(ProjectConfigurationPlatforms) = postSolution
		{77BE5D7C-D1C2-44F9-A033-D5BB8BCE65E9}.Debug|Any CPU.ActiveCfg = Debug|Any CPU
		{77BE5D7C-D1C2-44F9-A033-D5BB8BCE65E9}.Debug|Any CPU.Build.0 = Debug|Any CPU
		{77BE5D7C-D1C2-44F9-A033-D5BB8BCE65E9}.Release|Any CPU.ActiveCfg = Release|Any CPU
		{77BE5D7C-D1C2-44F9-A033-D5BB8BCE65E9}.Release|Any CPU.Build.0 = Release|Any CPU
		{29B06C2B-FD07-4750-B89C-9DB8026DE83D}.Debug|Any CPU.ActiveCfg = Debug|Any CPU
		{29B06C2B-FD07-4750-B89C-9DB8026DE83D}.Debug|Any CPU.Build.0 = Debug|Any CPU
		{29B06C2B-FD07-4750-B89C-9DB8026DE83D}.Release|Any CPU.ActiveCfg = Release|Any CPU
		{29B06C2B-FD07-4750-B89C-9DB8026DE83D}.Release|Any CPU.Build.0 = Release|Any CPU
	EndGlobalSection
	GlobalSection(SolutionProperties) = preSolution
		HideSolutionNode = FALSE
	EndGlobalSection
	GlobalSection(ExtensibilityGlobals) = postSolution
		SolutionGuid = {1BB95DFB-AFBD-41BB-9E37-E71EF809F5B5}
	EndGlobalSection
EndGlobal
