
Microsoft Visual Studio Solution File, Format Version 12.00
# Visual Studio Version 16
VisualStudioVersion = 16.0.29215.179
MinimumVisualStudioVersion = 10.0.40219.1
Project("{FAE04EC0-301F-11D3-BF4B-00C04F79EFBC}") = "Problema 26", "Problema 26\Problema 26.csproj", "{A31BB14A-D53F-4E0B-9B74-F32D2D3FE427}"
EndProject
Global
	GlobalSection(SolutionConfigurationPlatforms) = preSolution
		Debug|Any CPU = Debug|Any CPU
		Release|Any CPU = Release|Any CPU
	EndGlobalSection
	GlobalSection(ProjectConfigurationPlatforms) = postSolution
		{A31BB14A-D53F-4E0B-9B74-F32D2D3FE427}.Debug|Any CPU.ActiveCfg = Debug|Any CPU
		{A31BB14A-D53F-4E0B-9B74-F32D2D3FE427}.Debug|Any CPU.Build.0 = Debug|Any CPU
		{A31BB14A-D53F-4E0B-9B74-F32D2D3FE427}.Release|Any CPU.ActiveCfg = Release|Any CPU
		{A31BB14A-D53F-4E0B-9B74-F32D2D3FE427}.Release|Any CPU.Build.0 = Release|Any CPU
	EndGlobalSection
	GlobalSection(SolutionProperties) = preSolution
		HideSolutionNode = FALSE
	EndGlobalSection
	GlobalSection(ExtensibilityGlobals) = postSolution
		SolutionGuid = {BE8D4C0B-A5A2-479A-9B30-02DF13AC3F84}
	EndGlobalSection
EndGlobal
