
Microsoft Visual Studio Solution File, Format Version 12.00
# Visual Studio Version 16
VisualStudioVersion = 16.0.29806.167
MinimumVisualStudioVersion = 10.0.40219.1
Project("{FAE04EC0-301F-11D3-BF4B-00C04F79EFBC}") = "Problema 42", "Problema 42\Problema 42.csproj", "{E99DE355-11C3-4D54-BB08-989834F8335E}"
EndProject
Global
	GlobalSection(SolutionConfigurationPlatforms) = preSolution
		Debug|Any CPU = Debug|Any CPU
		Release|Any CPU = Release|Any CPU
	EndGlobalSection
	GlobalSection(ProjectConfigurationPlatforms) = postSolution
		{E99DE355-11C3-4D54-BB08-989834F8335E}.Debug|Any CPU.ActiveCfg = Debug|Any CPU
		{E99DE355-11C3-4D54-BB08-989834F8335E}.Debug|Any CPU.Build.0 = Debug|Any CPU
		{E99DE355-11C3-4D54-BB08-989834F8335E}.Release|Any CPU.ActiveCfg = Release|Any CPU
		{E99DE355-11C3-4D54-BB08-989834F8335E}.Release|Any CPU.Build.0 = Release|Any CPU
	EndGlobalSection
	GlobalSection(SolutionProperties) = preSolution
		HideSolutionNode = FALSE
	EndGlobalSection
	GlobalSection(ExtensibilityGlobals) = postSolution
		SolutionGuid = {D09F7B51-9EA1-4858-A5A2-9DC305582276}
	EndGlobalSection
EndGlobal
